
Microsoft Visual Studio Solution File, Format Version 12.00
# Visual Studio Version 17
VisualStudioVersion = 17.8.34525.116
MinimumVisualStudioVersion = 10.0.40219.1
Project("{FAE04EC0-301F-11D3-BF4B-00C04F79EFBC}") = "Examane Roger A", "Examane Roger A.csproj", "{DD2ACDB6-8398-4E65-B20C-DD1136DABE64}"
EndProject
Global
	GlobalSection(SolutionConfigurationPlatforms) = preSolution
		Debug|Any CPU = Debug|Any CPU
		Release|Any CPU = Release|Any CPU
	EndGlobalSection
	GlobalSection(ProjectConfigurationPlatforms) = postSolution
		{DD2ACDB6-8398-4E65-B20C-DD1136DABE64}.Debug|Any CPU.ActiveCfg = Debug|Any CPU
		{DD2ACDB6-8398-4E65-B20C-DD1136DABE64}.Debug|Any CPU.Build.0 = Debug|Any CPU
		{DD2ACDB6-8398-4E65-B20C-DD1136DABE64}.Release|Any CPU.ActiveCfg = Release|Any CPU
		{DD2ACDB6-8398-4E65-B20C-DD1136DABE64}.Release|Any CPU.Build.0 = Release|Any CPU
	EndGlobalSection
	GlobalSection(SolutionProperties) = preSolution
		HideSolutionNode = FALSE
	EndGlobalSection
	GlobalSection(ExtensibilityGlobals) = postSolution
		SolutionGuid = {19CB39C1-6A33-48E0-AFF4-B630742CF6CB}
	EndGlobalSection
EndGlobal
